
Microsoft Visual Studio Solution File, Format Version 12.00
# Visual Studio Version 17
VisualStudioVersion = 17.8.34309.116
MinimumVisualStudioVersion = 10.0.40219.1
Project("{FAE04EC0-301F-11D3-BF4B-00C04F79EFBC}") = "domashno29.04", "domashno29.04\domashno29.04.csproj", "{F2D46C96-E5F4-4FEF-BA82-2DDD3859698E}"
EndProject
Global
	GlobalSection(SolutionConfigurationPlatforms) = preSolution
		Debug|Any CPU = Debug|Any CPU
		Release|Any CPU = Release|Any CPU
	EndGlobalSection
	GlobalSection(ProjectConfigurationPlatforms) = postSolution
		{F2D46C96-E5F4-4FEF-BA82-2DDD3859698E}.Debug|Any CPU.ActiveCfg = Debug|Any CPU
		{F2D46C96-E5F4-4FEF-BA82-2DDD3859698E}.Debug|Any CPU.Build.0 = Debug|Any CPU
		{F2D46C96-E5F4-4FEF-BA82-2DDD3859698E}.Release|Any CPU.ActiveCfg = Release|Any CPU
		{F2D46C96-E5F4-4FEF-BA82-2DDD3859698E}.Release|Any CPU.Build.0 = Release|Any CPU
	EndGlobalSection
	GlobalSection(SolutionProperties) = preSolution
		HideSolutionNode = FALSE
	EndGlobalSection
	GlobalSection(ExtensibilityGlobals) = postSolution
		SolutionGuid = {6064A12F-14A3-40B8-889A-782152596BDD}
	EndGlobalSection
EndGlobal
